// !$*UTF8*$!
{
	archiveVersion = 1;
	classes = {
	};
	objectVersion = 50;
	objects = {

/* Begin PBXBuildFile section */
		058557BB273AAA24004C7B11 /* Assets.xcassets in Resources */ = {isa = PBXBuildFile; fileRef = 058557BA273AAA24004C7B11 /* Assets.xcassets */; };
		058557D9273AAEEB004C7B11 /* Preview Assets.xcassets in Resources */ = {isa = PBXBuildFile; fileRef = 058557D8273AAEEB004C7B11 /* Preview Assets.xcassets */; };
		2152FB042600AC8F00CF470E /* iOSApp.swift in Sources */ = {isa = PBXBuildFile; fileRef = 2152FB032600AC8F00CF470E /* iOSApp.swift */; };
		AD3F0F172D2BB36C00B10E4B /* ChargingStationListSuccess.swift in Sources */ = {isa = PBXBuildFile; fileRef = AD3F0F162D2BB36C00B10E4B /* ChargingStationListSuccess.swift */; };
		AD3F0F192D2BB3C800B10E4B /* ChargingStationListItem+Mock.swift in Sources */ = {isa = PBXBuildFile; fileRef = AD3F0F182D2BB3C800B10E4B /* ChargingStationListItem+Mock.swift */; };
		AD3F0F222D2BB5DB00B10E4B /* ErrorView.swift in Sources */ = {isa = PBXBuildFile; fileRef = AD3F0F212D2BB5DB00B10E4B /* ErrorView.swift */; };
		AD47A08E2D40C05E0029CF9E /* ColorToken.swift in Sources */ = {isa = PBXBuildFile; fileRef = AD47A08D2D40C05E0029CF9E /* ColorToken.swift */; };
		AD47A0912D40C0870029CF9E /* UIColor+Hex.swift in Sources */ = {isa = PBXBuildFile; fileRef = AD47A0902D40C0870029CF9E /* UIColor+Hex.swift */; };
		AD47A0932D40C0D80029CF9E /* ChargingStationListItemView.swift in Sources */ = {isa = PBXBuildFile; fileRef = AD47A0922D40C0D80029CF9E /* ChargingStationListItemView.swift */; };
		AD47A0952D40C47B0029CF9E /* ChargingStationDetailViewSuccess.swift in Sources */ = {isa = PBXBuildFile; fileRef = AD47A0942D40C47B0029CF9E /* ChargingStationDetailViewSuccess.swift */; };
		AD47A0982D40C96C0029CF9E /* KeyValueCache.swift in Sources */ = {isa = PBXBuildFile; fileRef = AD47A0972D40C96C0029CF9E /* KeyValueCache.swift */; };
		AD47A09A2D40CC510029CF9E /* ColumnStepper.swift in Sources */ = {isa = PBXBuildFile; fileRef = AD47A0992D40CC510029CF9E /* ColumnStepper.swift */; };
		AD47A09C2D40D29C0029CF9E /* DynamicImageGrid.swift in Sources */ = {isa = PBXBuildFile; fileRef = AD47A09B2D40D29C0029CF9E /* DynamicImageGrid.swift */; };
		AD47A0A12D40D93A0029CF9E /* ChargingStationDetailTests.swift in Sources */ = {isa = PBXBuildFile; fileRef = AD47A09F2D40D93A0029CF9E /* ChargingStationDetailTests.swift */; };
		AD4BB0062D34EB4600A3CA09 /* ChargingStationDetailView.swift in Sources */ = {isa = PBXBuildFile; fileRef = AD4BB0052D34EB4600A3CA09 /* ChargingStationDetailView.swift */; };
		AD510B122CC2A9370074E95A /* ChargingStationListView.swift in Sources */ = {isa = PBXBuildFile; fileRef = AD510B112CC2A9370074E95A /* ChargingStationListView.swift */; };
		AD510B142CC2B3390074E95A /* ChargingStationListView+ViewModel.swift in Sources */ = {isa = PBXBuildFile; fileRef = AD510B132CC2B3310074E95A /* ChargingStationListView+ViewModel.swift */; };
		AD510B162CC2B52F0074E95A /* ChargingStationListView+ViewModel+Tests.swift in Sources */ = {isa = PBXBuildFile; fileRef = AD510B152CC2B52F0074E95A /* ChargingStationListView+ViewModel+Tests.swift */; };
		AD510B182CC2BEA20074E95A /* ChargingStationListItem.swift in Sources */ = {isa = PBXBuildFile; fileRef = AD510B172CC2BE980074E95A /* ChargingStationListItem.swift */; };
		AD510B1C2CC62A730074E95A /* AutoGeneratedMocks.swift in Sources */ = {isa = PBXBuildFile; fileRef = AD510B1A2CC62A730074E95A /* AutoGeneratedMocks.swift */; };
		AD510B1F2CC62C200074E95A /* ChargeFinderApi.swift in Sources */ = {isa = PBXBuildFile; fileRef = AD510B1E2CC62C200074E95A /* ChargeFinderApi.swift */; };
		AD9B86232D4218DF000CAA55 /* RemoteImageView.swift in Sources */ = {isa = PBXBuildFile; fileRef = AD9B86222D4218DF000CAA55 /* RemoteImageView.swift */; };
		AD9B86262D421961000CAA55 /* KeyValueCache+Tests.swift in Sources */ = {isa = PBXBuildFile; fileRef = AD9B86242D421961000CAA55 /* KeyValueCache+Tests.swift */; };
		AD9B86292D4221AD000CAA55 /* ImageCacheProtocol.swift in Sources */ = {isa = PBXBuildFile; fileRef = AD9B86282D4221AD000CAA55 /* ImageCacheProtocol.swift */; };
		AD9B862B2D4221C5000CAA55 /* URLSession.swift in Sources */ = {isa = PBXBuildFile; fileRef = AD9B862A2D4221C5000CAA55 /* URLSession.swift */; };
		ADA2C2382D3E22DF000C0CEC /* ChargingStationDetailView+ViewModel+Tests.swift in Sources */ = {isa = PBXBuildFile; fileRef = ADA2C2362D3E22DF000C0CEC /* ChargingStationDetailView+ViewModel+Tests.swift */; };
		ADA2C23A2D3E2327000C0CEC /* ChargingStationDetailView+ViewModel.swift in Sources */ = {isa = PBXBuildFile; fileRef = ADA2C2392D3E2327000C0CEC /* ChargingStationDetailView+ViewModel.swift */; };
		ADA2C23D2D3E27EA000C0CEC /* TestError.swift in Sources */ = {isa = PBXBuildFile; fileRef = ADA2C23B2D3E27E3000C0CEC /* TestError.swift */; };
		ADA2C23F2D3E29BC000C0CEC /* PageState.swift in Sources */ = {isa = PBXBuildFile; fileRef = ADA2C23E2D3E29BC000C0CEC /* PageState.swift */; };
		ADDBC34B2D3F7A5A006AE77D /* ChargingStationDetail.swift in Sources */ = {isa = PBXBuildFile; fileRef = ADDBC34A2D3F7A5A006AE77D /* ChargingStationDetail.swift */; };
/* End PBXBuildFile section */

/* Begin PBXContainerItemProxy section */
		AD510B072CC2A6F40074E95A /* PBXContainerItemProxy */ = {
			isa = PBXContainerItemProxy;
			containerPortal = 7555FF73242A565900829871 /* Project object */;
			proxyType = 1;
			remoteGlobalIDString = 7555FF7A242A565900829871;
			remoteInfo = iosApp;
		};
/* End PBXContainerItemProxy section */

/* Begin PBXCopyFilesBuildPhase section */
		7555FFB4242A642300829871 /* Embed Frameworks */ = {
			isa = PBXCopyFilesBuildPhase;
			buildActionMask = 2147483647;
			dstPath = "";
			dstSubfolderSpec = 10;
			files = (
			);
			name = "Embed Frameworks";
			runOnlyForDeploymentPostprocessing = 0;
		};
/* End PBXCopyFilesBuildPhase section */

/* Begin PBXFileReference section */
		058557BA273AAA24004C7B11 /* Assets.xcassets */ = {isa = PBXFileReference; lastKnownFileType = folder.assetcatalog; path = Assets.xcassets; sourceTree = "<group>"; };
		058557D8273AAEEB004C7B11 /* Preview Assets.xcassets */ = {isa = PBXFileReference; lastKnownFileType = folder.assetcatalog; path = "Preview Assets.xcassets"; sourceTree = "<group>"; };
		2152FB032600AC8F00CF470E /* iOSApp.swift */ = {isa = PBXFileReference; lastKnownFileType = sourcecode.swift; path = iOSApp.swift; sourceTree = "<group>"; };
		7555FF7B242A565900829871 /* iosApp.app */ = {isa = PBXFileReference; explicitFileType = wrapper.application; includeInIndex = 0; path = iosApp.app; sourceTree = BUILT_PRODUCTS_DIR; };
		7555FF8C242A565B00829871 /* Info.plist */ = {isa = PBXFileReference; lastKnownFileType = text.plist.xml; path = Info.plist; sourceTree = "<group>"; };
		AD0EA1362D2908A4006CEFC6 /* iosApp.xctestplan */ = {isa = PBXFileReference; lastKnownFileType = text; path = iosApp.xctestplan; sourceTree = SOURCE_ROOT; };
		AD3F0F162D2BB36C00B10E4B /* ChargingStationListSuccess.swift */ = {isa = PBXFileReference; lastKnownFileType = sourcecode.swift; path = ChargingStationListSuccess.swift; sourceTree = "<group>"; };
		AD3F0F182D2BB3C800B10E4B /* ChargingStationListItem+Mock.swift */ = {isa = PBXFileReference; lastKnownFileType = sourcecode.swift; path = "ChargingStationListItem+Mock.swift"; sourceTree = "<group>"; };
		AD3F0F212D2BB5DB00B10E4B /* ErrorView.swift */ = {isa = PBXFileReference; lastKnownFileType = sourcecode.swift; path = ErrorView.swift; sourceTree = "<group>"; };
		AD47A08D2D40C05E0029CF9E /* ColorToken.swift */ = {isa = PBXFileReference; lastKnownFileType = sourcecode.swift; path = ColorToken.swift; sourceTree = "<group>"; };
		AD47A0902D40C0870029CF9E /* UIColor+Hex.swift */ = {isa = PBXFileReference; lastKnownFileType = sourcecode.swift; path = "UIColor+Hex.swift"; sourceTree = "<group>"; };
		AD47A0922D40C0D80029CF9E /* ChargingStationListItemView.swift */ = {isa = PBXFileReference; lastKnownFileType = sourcecode.swift; path = ChargingStationListItemView.swift; sourceTree = "<group>"; };
		AD47A0942D40C47B0029CF9E /* ChargingStationDetailViewSuccess.swift */ = {isa = PBXFileReference; lastKnownFileType = sourcecode.swift; path = ChargingStationDetailViewSuccess.swift; sourceTree = "<group>"; };
		AD47A0972D40C96C0029CF9E /* KeyValueCache.swift */ = {isa = PBXFileReference; lastKnownFileType = sourcecode.swift; path = KeyValueCache.swift; sourceTree = "<group>"; };
		AD47A0992D40CC510029CF9E /* ColumnStepper.swift */ = {isa = PBXFileReference; lastKnownFileType = sourcecode.swift; path = ColumnStepper.swift; sourceTree = "<group>"; };
		AD47A09B2D40D29C0029CF9E /* DynamicImageGrid.swift */ = {isa = PBXFileReference; lastKnownFileType = sourcecode.swift; path = DynamicImageGrid.swift; sourceTree = "<group>"; };
		AD47A09F2D40D93A0029CF9E /* ChargingStationDetailTests.swift */ = {isa = PBXFileReference; lastKnownFileType = sourcecode.swift; path = ChargingStationDetailTests.swift; sourceTree = "<group>"; };
		AD4BB0052D34EB4600A3CA09 /* ChargingStationDetailView.swift */ = {isa = PBXFileReference; lastKnownFileType = sourcecode.swift; path = ChargingStationDetailView.swift; sourceTree = "<group>"; };
		AD510B032CC2A6F40074E95A /* iosAppTests.xctest */ = {isa = PBXFileReference; explicitFileType = wrapper.cfbundle; includeInIndex = 0; path = iosAppTests.xctest; sourceTree = BUILT_PRODUCTS_DIR; };
		AD510B112CC2A9370074E95A /* ChargingStationListView.swift */ = {isa = PBXFileReference; lastKnownFileType = sourcecode.swift; path = ChargingStationListView.swift; sourceTree = "<group>"; };
		AD510B132CC2B3310074E95A /* ChargingStationListView+ViewModel.swift */ = {isa = PBXFileReference; lastKnownFileType = sourcecode.swift; path = "ChargingStationListView+ViewModel.swift"; sourceTree = "<group>"; };
		AD510B152CC2B52F0074E95A /* ChargingStationListView+ViewModel+Tests.swift */ = {isa = PBXFileReference; lastKnownFileType = sourcecode.swift; path = "ChargingStationListView+ViewModel+Tests.swift"; sourceTree = "<group>"; };
		AD510B172CC2BE980074E95A /* ChargingStationListItem.swift */ = {isa = PBXFileReference; lastKnownFileType = sourcecode.swift; path = ChargingStationListItem.swift; sourceTree = "<group>"; };
		AD510B1A2CC62A730074E95A /* AutoGeneratedMocks.swift */ = {isa = PBXFileReference; lastKnownFileType = sourcecode.swift; path = AutoGeneratedMocks.swift; sourceTree = "<group>"; };
		AD510B1E2CC62C200074E95A /* ChargeFinderApi.swift */ = {isa = PBXFileReference; lastKnownFileType = sourcecode.swift; path = ChargeFinderApi.swift; sourceTree = "<group>"; };
		AD9B86222D4218DF000CAA55 /* RemoteImageView.swift */ = {isa = PBXFileReference; lastKnownFileType = sourcecode.swift; path = RemoteImageView.swift; sourceTree = "<group>"; };
		AD9B86242D421961000CAA55 /* KeyValueCache+Tests.swift */ = {isa = PBXFileReference; lastKnownFileType = sourcecode.swift; path = "KeyValueCache+Tests.swift"; sourceTree = "<group>"; };
		AD9B86282D4221AD000CAA55 /* ImageCacheProtocol.swift */ = {isa = PBXFileReference; lastKnownFileType = sourcecode.swift; path = ImageCacheProtocol.swift; sourceTree = "<group>"; };
		AD9B862A2D4221C5000CAA55 /* URLSession.swift */ = {isa = PBXFileReference; lastKnownFileType = sourcecode.swift; path = URLSession.swift; sourceTree = "<group>"; };
		ADA2C2362D3E22DF000C0CEC /* ChargingStationDetailView+ViewModel+Tests.swift */ = {isa = PBXFileReference; lastKnownFileType = sourcecode.swift; path = "ChargingStationDetailView+ViewModel+Tests.swift"; sourceTree = "<group>"; };
		ADA2C2392D3E2327000C0CEC /* ChargingStationDetailView+ViewModel.swift */ = {isa = PBXFileReference; lastKnownFileType = sourcecode.swift; path = "ChargingStationDetailView+ViewModel.swift"; sourceTree = "<group>"; };
		ADA2C23B2D3E27E3000C0CEC /* TestError.swift */ = {isa = PBXFileReference; lastKnownFileType = sourcecode.swift; path = TestError.swift; sourceTree = "<group>"; };
		ADA2C23E2D3E29BC000C0CEC /* PageState.swift */ = {isa = PBXFileReference; lastKnownFileType = sourcecode.swift; path = PageState.swift; sourceTree = "<group>"; };
		ADDBC34A2D3F7A5A006AE77D /* ChargingStationDetail.swift */ = {isa = PBXFileReference; lastKnownFileType = sourcecode.swift; path = ChargingStationDetail.swift; sourceTree = "<group>"; };
/* End PBXFileReference section */

/* Begin PBXFrameworksBuildPhase section */
		7555FF78242A565900829871 /* Frameworks */ = {
			isa = PBXFrameworksBuildPhase;
			buildActionMask = 2147483647;
			files = (
			);
			runOnlyForDeploymentPostprocessing = 0;
		};
		AD510B002CC2A6F40074E95A /* Frameworks */ = {
			isa = PBXFrameworksBuildPhase;
			buildActionMask = 2147483647;
			files = (
			);
			runOnlyForDeploymentPostprocessing = 0;
		};
/* End PBXFrameworksBuildPhase section */

/* Begin PBXGroup section */
		058557D7273AAEEB004C7B11 /* Preview Content */ = {
			isa = PBXGroup;
			children = (
				058557D8273AAEEB004C7B11 /* Preview Assets.xcassets */,
				AD3F0F182D2BB3C800B10E4B /* ChargingStationListItem+Mock.swift */,
			);
			path = "Preview Content";
			sourceTree = "<group>";
		};
		7555FF72242A565900829871 = {
			isa = PBXGroup;
			children = (
				7555FF7D242A565900829871 /* iosApp */,
				AD510B0D2CC2A6FB0074E95A /* iosAppTests */,
				7555FF7C242A565900829871 /* Products */,
				7555FFB0242A642200829871 /* Frameworks */,
			);
			sourceTree = "<group>";
		};
		7555FF7C242A565900829871 /* Products */ = {
			isa = PBXGroup;
			children = (
				7555FF7B242A565900829871 /* iosApp.app */,
				AD510B032CC2A6F40074E95A /* iosAppTests.xctest */,
			);
			name = Products;
			sourceTree = "<group>";
		};
		7555FF7D242A565900829871 /* iosApp */ = {
			isa = PBXGroup;
			children = (
				2152FB032600AC8F00CF470E /* iOSApp.swift */,
				AD3F0F1A2D2BB55C00B10E4B /* UI */,
				AD510B1D2CC62BF10074E95A /* Services */,
				AD47A08F2D40C0780029CF9E /* Extensions */,
				AD47A0962D40C9580029CF9E /* Utilities */,
				AD3F0F1C2D2BB59300B10E4B /* Models */,
				AD9B86272D4221A4000CAA55 /* Protocols */,
				AD3F0F1B2D2BB56800B10E4B /* Resources */,
				058557D7273AAEEB004C7B11 /* Preview Content */,
			);
			path = iosApp;
			sourceTree = "<group>";
		};
		7555FFB0242A642200829871 /* Frameworks */ = {
			isa = PBXGroup;
			children = (
			);
			name = Frameworks;
			sourceTree = "<group>";
		};
		AD3F0F1A2D2BB55C00B10E4B /* UI */ = {
			isa = PBXGroup;
			children = (
				ADA2C23E2D3E29BC000C0CEC /* PageState.swift */,
				ADDBC34C2D3F7C2E006AE77D /* Charging Station List */,
				ADDBC34D2D3F7C48006AE77D /* Charging Station Detail */,
				ADDBC34E2D3F7C5E006AE77D /* Reusable UI */,
				AD47A08C2D40C03A0029CF9E /* Design Tokens */,
			);
			path = UI;
			sourceTree = "<group>";
		};
		AD3F0F1B2D2BB56800B10E4B /* Resources */ = {
			isa = PBXGroup;
			children = (
				058557BA273AAA24004C7B11 /* Assets.xcassets */,
				7555FF8C242A565B00829871 /* Info.plist */,
			);
			path = Resources;
			sourceTree = "<group>";
		};
		AD3F0F1C2D2BB59300B10E4B /* Models */ = {
			isa = PBXGroup;
			children = (
				AD510B172CC2BE980074E95A /* ChargingStationListItem.swift */,
				ADDBC34A2D3F7A5A006AE77D /* ChargingStationDetail.swift */,
				AD47A09F2D40D93A0029CF9E /* ChargingStationDetailTests.swift */,
			);
			path = Models;
			sourceTree = "<group>";
		};
		AD47A08C2D40C03A0029CF9E /* Design Tokens */ = {
			isa = PBXGroup;
			children = (
				AD47A08D2D40C05E0029CF9E /* ColorToken.swift */,
			);
			path = "Design Tokens";
			sourceTree = "<group>";
		};
		AD47A08F2D40C0780029CF9E /* Extensions */ = {
			isa = PBXGroup;
			children = (
				AD47A0902D40C0870029CF9E /* UIColor+Hex.swift */,
			);
			path = Extensions;
			sourceTree = "<group>";
		};
		AD47A0962D40C9580029CF9E /* Utilities */ = {
			isa = PBXGroup;
			children = (
				AD47A0972D40C96C0029CF9E /* KeyValueCache.swift */,
				AD9B86242D421961000CAA55 /* KeyValueCache+Tests.swift */,
			);
			path = Utilities;
			sourceTree = "<group>";
		};
		AD510B0D2CC2A6FB0074E95A /* iosAppTests */ = {
			isa = PBXGroup;
			children = (
				AD0EA1362D2908A4006CEFC6 /* iosApp.xctestplan */,
				ADA2C23B2D3E27E3000C0CEC /* TestError.swift */,
				AD510B1B2CC62A730074E95A /* Mocks */,
			);
			path = iosAppTests;
			sourceTree = "<group>";
		};
		AD510B1B2CC62A730074E95A /* Mocks */ = {
			isa = PBXGroup;
			children = (
				AD510B1A2CC62A730074E95A /* AutoGeneratedMocks.swift */,
			);
			path = Mocks;
			sourceTree = "<group>";
		};
		AD510B1D2CC62BF10074E95A /* Services */ = {
			isa = PBXGroup;
			children = (
				AD510B1E2CC62C200074E95A /* ChargeFinderApi.swift */,
				AD9B862A2D4221C5000CAA55 /* URLSession.swift */,
			);
			path = Services;
			sourceTree = "<group>";
		};
		AD9B86272D4221A4000CAA55 /* Protocols */ = {
			isa = PBXGroup;
			children = (
				AD9B86282D4221AD000CAA55 /* ImageCacheProtocol.swift */,
			);
			path = Protocols;
			sourceTree = "<group>";
		};
		ADDBC34C2D3F7C2E006AE77D /* Charging Station List */ = {
			isa = PBXGroup;
			children = (
				AD47A0922D40C0D80029CF9E /* ChargingStationListItemView.swift */,
				AD510B112CC2A9370074E95A /* ChargingStationListView.swift */,
				AD3F0F162D2BB36C00B10E4B /* ChargingStationListSuccess.swift */,
				AD510B132CC2B3310074E95A /* ChargingStationListView+ViewModel.swift */,
				AD510B152CC2B52F0074E95A /* ChargingStationListView+ViewModel+Tests.swift */,
			);
			path = "Charging Station List";
			sourceTree = "<group>";
		};
		ADDBC34D2D3F7C48006AE77D /* Charging Station Detail */ = {
			isa = PBXGroup;
			children = (
				AD4BB0052D34EB4600A3CA09 /* ChargingStationDetailView.swift */,
				AD47A0942D40C47B0029CF9E /* ChargingStationDetailViewSuccess.swift */,
				ADA2C2392D3E2327000C0CEC /* ChargingStationDetailView+ViewModel.swift */,
				ADA2C2362D3E22DF000C0CEC /* ChargingStationDetailView+ViewModel+Tests.swift */,
			);
			path = "Charging Station Detail";
			sourceTree = "<group>";
		};
		ADDBC34E2D3F7C5E006AE77D /* Reusable UI */ = {
			isa = PBXGroup;
			children = (
				AD9B86222D4218DF000CAA55 /* RemoteImageView.swift */,
				AD47A0992D40CC510029CF9E /* ColumnStepper.swift */,
				AD47A09B2D40D29C0029CF9E /* DynamicImageGrid.swift */,
				AD3F0F212D2BB5DB00B10E4B /* ErrorView.swift */,
			);
			path = "Reusable UI";
			sourceTree = "<group>";
		};
/* End PBXGroup section */

/* Begin PBXNativeTarget section */
		7555FF7A242A565900829871 /* iosApp */ = {
			isa = PBXNativeTarget;
			buildConfigurationList = 7555FFA5242A565B00829871 /* Build configuration list for PBXNativeTarget "iosApp" */;
			buildPhases = (
				7555FFB5242A651A00829871 /* ShellScript */,
				7555FF77242A565900829871 /* Sources */,
				7555FF78242A565900829871 /* Frameworks */,
				7555FF79242A565900829871 /* Resources */,
				7555FFB4242A642300829871 /* Embed Frameworks */,
				AD510B192CC629C00074E95A /* ShellScript */,
			);
			buildRules = (
			);
			dependencies = (
			);
			name = iosApp;
			productName = iosApp;
			productReference = 7555FF7B242A565900829871 /* iosApp.app */;
			productType = "com.apple.product-type.application";
		};
		AD510B022CC2A6F40074E95A /* iosAppTests */ = {
			isa = PBXNativeTarget;
			buildConfigurationList = AD510B092CC2A6F40074E95A /* Build configuration list for PBXNativeTarget "iosAppTests" */;
			buildPhases = (
				AD510AFF2CC2A6F40074E95A /* Sources */,
				AD510B002CC2A6F40074E95A /* Frameworks */,
				AD510B012CC2A6F40074E95A /* Resources */,
			);
			buildRules = (
			);
			dependencies = (
				AD510B082CC2A6F40074E95A /* PBXTargetDependency */,
			);
			name = iosAppTests;
			packageProductDependencies = (
			);
			productName = iosAppTests;
			productReference = AD510B032CC2A6F40074E95A /* iosAppTests.xctest */;
			productType = "com.apple.product-type.bundle.unit-test";
		};
/* End PBXNativeTarget section */

/* Begin PBXProject section */
		7555FF73242A565900829871 /* Project object */ = {
			isa = PBXProject;
			attributes = {
				LastSwiftUpdateCheck = 1600;
				LastUpgradeCheck = 1130;
				ORGANIZATIONNAME = orgName;
				TargetAttributes = {
					7555FF7A242A565900829871 = {
						CreatedOnToolsVersion = 11.3.1;
					};
					AD510B022CC2A6F40074E95A = {
						CreatedOnToolsVersion = 16.0;
						TestTargetID = 7555FF7A242A565900829871;
					};
				};
			};
			buildConfigurationList = 7555FF76242A565900829871 /* Build configuration list for PBXProject "iosApp" */;
			compatibilityVersion = "Xcode 9.3";
			developmentRegion = en;
			hasScannedForEncodings = 0;
			knownRegions = (
				en,
				Base,
			);
			mainGroup = 7555FF72242A565900829871;
			productRefGroup = 7555FF7C242A565900829871 /* Products */;
			projectDirPath = "";
			projectRoot = "";
			targets = (
				7555FF7A242A565900829871 /* iosApp */,
				AD510B022CC2A6F40074E95A /* iosAppTests */,
			);
		};
/* End PBXProject section */

/* Begin PBXResourcesBuildPhase section */
		7555FF79242A565900829871 /* Resources */ = {
			isa = PBXResourcesBuildPhase;
			buildActionMask = 2147483647;
			files = (
				058557D9273AAEEB004C7B11 /* Preview Assets.xcassets in Resources */,
				058557BB273AAA24004C7B11 /* Assets.xcassets in Resources */,
			);
			runOnlyForDeploymentPostprocessing = 0;
		};
		AD510B012CC2A6F40074E95A /* Resources */ = {
			isa = PBXResourcesBuildPhase;
			buildActionMask = 2147483647;
			files = (
			);
			runOnlyForDeploymentPostprocessing = 0;
		};
/* End PBXResourcesBuildPhase section */

/* Begin PBXShellScriptBuildPhase section */
		7555FFB5242A651A00829871 /* ShellScript */ = {
			isa = PBXShellScriptBuildPhase;
			buildActionMask = 2147483647;
			files = (
			);
			inputFileListPaths = (
			);
			inputPaths = (
			);
			outputFileListPaths = (
			);
			outputPaths = (
			);
			runOnlyForDeploymentPostprocessing = 0;
			shellPath = /bin/sh;
			shellScript = "cd \"$SRCROOT/..\"\n./gradlew :shared:embedAndSignAppleFrameworkForXcode\n";
		};
		AD510B192CC629C00074E95A /* ShellScript */ = {
			isa = PBXShellScriptBuildPhase;
			buildActionMask = 2147483647;
			files = (
			);
			inputFileListPaths = (
			);
			inputPaths = (
			);
			outputFileListPaths = (
			);
			outputPaths = (
			);
			runOnlyForDeploymentPostprocessing = 0;
			shellPath = /bin/sh;
			shellScript = "# Type a script or drag a script file from your workspace to insert its path.\n/opt/homebrew/bin/mint run sourcery\n";
		};
/* End PBXShellScriptBuildPhase section */

/* Begin PBXSourcesBuildPhase section */
		7555FF77242A565900829871 /* Sources */ = {
			isa = PBXSourcesBuildPhase;
			buildActionMask = 2147483647;
			files = (
				AD47A0982D40C96C0029CF9E /* KeyValueCache.swift in Sources */,
				AD47A09A2D40CC510029CF9E /* ColumnStepper.swift in Sources */,
				AD3F0F172D2BB36C00B10E4B /* ChargingStationListSuccess.swift in Sources */,
				AD4BB0062D34EB4600A3CA09 /* ChargingStationDetailView.swift in Sources */,
				AD9B86292D4221AD000CAA55 /* ImageCacheProtocol.swift in Sources */,
				ADDBC34B2D3F7A5A006AE77D /* ChargingStationDetail.swift in Sources */,
				AD47A08E2D40C05E0029CF9E /* ColorToken.swift in Sources */,
				2152FB042600AC8F00CF470E /* iOSApp.swift in Sources */,
				AD47A09C2D40D29C0029CF9E /* DynamicImageGrid.swift in Sources */,
				ADA2C23A2D3E2327000C0CEC /* ChargingStationDetailView+ViewModel.swift in Sources */,
				AD3F0F192D2BB3C800B10E4B /* ChargingStationListItem+Mock.swift in Sources */,
				AD510B142CC2B3390074E95A /* ChargingStationListView+ViewModel.swift in Sources */,
				AD510B1F2CC62C200074E95A /* ChargeFinderApi.swift in Sources */,
				AD510B122CC2A9370074E95A /* ChargingStationListView.swift in Sources */,
				AD47A0932D40C0D80029CF9E /* ChargingStationListItemView.swift in Sources */,
				AD47A0912D40C0870029CF9E /* UIColor+Hex.swift in Sources */,
				AD9B862B2D4221C5000CAA55 /* URLSession.swift in Sources */,
				AD510B182CC2BEA20074E95A /* ChargingStationListItem.swift in Sources */,
				AD3F0F222D2BB5DB00B10E4B /* ErrorView.swift in Sources */,
				AD47A0952D40C47B0029CF9E /* ChargingStationDetailViewSuccess.swift in Sources */,
				AD9B86232D4218DF000CAA55 /* RemoteImageView.swift in Sources */,
				ADA2C23F2D3E29BC000C0CEC /* PageState.swift in Sources */,
			);
			runOnlyForDeploymentPostprocessing = 0;
		};
		AD510AFF2CC2A6F40074E95A /* Sources */ = {
			isa = PBXSourcesBuildPhase;
			buildActionMask = 2147483647;
			files = (
				ADA2C23D2D3E27EA000C0CEC /* TestError.swift in Sources */,
				ADA2C2382D3E22DF000C0CEC /* ChargingStationDetailView+ViewModel+Tests.swift in Sources */,
				AD47A0A12D40D93A0029CF9E /* ChargingStationDetailTests.swift in Sources */,
				AD510B1C2CC62A730074E95A /* AutoGeneratedMocks.swift in Sources */,
				AD9B86262D421961000CAA55 /* KeyValueCache+Tests.swift in Sources */,
				AD510B162CC2B52F0074E95A /* ChargingStationListView+ViewModel+Tests.swift in Sources */,
			);
			runOnlyForDeploymentPostprocessing = 0;
		};
/* End PBXSourcesBuildPhase section */

/* Begin PBXTargetDependency section */
		AD510B082CC2A6F40074E95A /* PBXTargetDependency */ = {
			isa = PBXTargetDependency;
			target = 7555FF7A242A565900829871 /* iosApp */;
			targetProxy = AD510B072CC2A6F40074E95A /* PBXContainerItemProxy */;
		};
/* End PBXTargetDependency section */

/* Begin XCBuildConfiguration section */
		7555FFA3242A565B00829871 /* Debug */ = {
			isa = XCBuildConfiguration;
			buildSettings = {
				ALWAYS_SEARCH_USER_PATHS = NO;
				CLANG_ANALYZER_NONNULL = YES;
				CLANG_ANALYZER_NUMBER_OBJECT_CONVERSION = YES_AGGRESSIVE;
				CLANG_CXX_LANGUAGE_STANDARD = "gnu++14";
				CLANG_CXX_LIBRARY = "libc++";
				CLANG_ENABLE_MODULES = YES;
				CLANG_ENABLE_OBJC_ARC = YES;
				CLANG_ENABLE_OBJC_WEAK = YES;
				CLANG_WARN_BLOCK_CAPTURE_AUTORELEASING = YES;
				CLANG_WARN_BOOL_CONVERSION = YES;
				CLANG_WARN_COMMA = YES;
				CLANG_WARN_CONSTANT_CONVERSION = YES;
				CLANG_WARN_DEPRECATED_OBJC_IMPLEMENTATIONS = YES;
				CLANG_WARN_DIRECT_OBJC_ISA_USAGE = YES_ERROR;
				CLANG_WARN_DOCUMENTATION_COMMENTS = YES;
				CLANG_WARN_EMPTY_BODY = YES;
				CLANG_WARN_ENUM_CONVERSION = YES;
				CLANG_WARN_INFINITE_RECURSION = YES;
				CLANG_WARN_INT_CONVERSION = YES;
				CLANG_WARN_NON_LITERAL_NULL_CONVERSION = YES;
				CLANG_WARN_OBJC_IMPLICIT_RETAIN_SELF = YES;
				CLANG_WARN_OBJC_LITERAL_CONVERSION = YES;
				CLANG_WARN_OBJC_ROOT_CLASS = YES_ERROR;
				CLANG_WARN_QUOTED_INCLUDE_IN_FRAMEWORK_HEADER = YES;
				CLANG_WARN_RANGE_LOOP_ANALYSIS = YES;
				CLANG_WARN_STRICT_PROTOTYPES = YES;
				CLANG_WARN_SUSPICIOUS_MOVE = YES;
				CLANG_WARN_UNGUARDED_AVAILABILITY = YES_AGGRESSIVE;
				CLANG_WARN_UNREACHABLE_CODE = YES;
				CLANG_WARN__DUPLICATE_METHOD_MATCH = YES;
				COPY_PHASE_STRIP = NO;
				DEBUG_INFORMATION_FORMAT = "dwarf-with-dsym";
				ENABLE_STRICT_OBJC_MSGSEND = YES;
				ENABLE_TESTABILITY = YES;
				GCC_C_LANGUAGE_STANDARD = gnu11;
				GCC_DYNAMIC_NO_PIC = NO;
				GCC_NO_COMMON_BLOCKS = YES;
				GCC_OPTIMIZATION_LEVEL = 0;
				GCC_PREPROCESSOR_DEFINITIONS = (
					"DEBUG=1",
					"$(inherited)",
				);
				GCC_WARN_64_TO_32_BIT_CONVERSION = YES;
				GCC_WARN_ABOUT_RETURN_TYPE = YES_ERROR;
				GCC_WARN_UNDECLARED_SELECTOR = YES;
				GCC_WARN_UNINITIALIZED_AUTOS = YES_AGGRESSIVE;
				GCC_WARN_UNUSED_FUNCTION = YES;
				GCC_WARN_UNUSED_VARIABLE = YES;
				IPHONEOS_DEPLOYMENT_TARGET = 14.1;
				MTL_ENABLE_DEBUG_INFO = INCLUDE_SOURCE;
				MTL_FAST_MATH = YES;
				ONLY_ACTIVE_ARCH = YES;
				SDKROOT = iphoneos;
				SWIFT_ACTIVE_COMPILATION_CONDITIONS = DEBUG;
				SWIFT_OPTIMIZATION_LEVEL = "-Onone";
			};
			name = Debug;
		};
		7555FFA4242A565B00829871 /* Release */ = {
			isa = XCBuildConfiguration;
			buildSettings = {
				ALWAYS_SEARCH_USER_PATHS = NO;
				CLANG_ANALYZER_NONNULL = YES;
				CLANG_ANALYZER_NUMBER_OBJECT_CONVERSION = YES_AGGRESSIVE;
				CLANG_CXX_LANGUAGE_STANDARD = "gnu++14";
				CLANG_CXX_LIBRARY = "libc++";
				CLANG_ENABLE_MODULES = YES;
				CLANG_ENABLE_OBJC_ARC = YES;
				CLANG_ENABLE_OBJC_WEAK = YES;
				CLANG_WARN_BLOCK_CAPTURE_AUTORELEASING = YES;
				CLANG_WARN_BOOL_CONVERSION = YES;
				CLANG_WARN_COMMA = YES;
				CLANG_WARN_CONSTANT_CONVERSION = YES;
				CLANG_WARN_DEPRECATED_OBJC_IMPLEMENTATIONS = YES;
				CLANG_WARN_DIRECT_OBJC_ISA_USAGE = YES_ERROR;
				CLANG_WARN_DOCUMENTATION_COMMENTS = YES;
				CLANG_WARN_EMPTY_BODY = YES;
				CLANG_WARN_ENUM_CONVERSION = YES;
				CLANG_WARN_INFINITE_RECURSION = YES;
				CLANG_WARN_INT_CONVERSION = YES;
				CLANG_WARN_NON_LITERAL_NULL_CONVERSION = YES;
				CLANG_WARN_OBJC_IMPLICIT_RETAIN_SELF = YES;
				CLANG_WARN_OBJC_LITERAL_CONVERSION = YES;
				CLANG_WARN_OBJC_ROOT_CLASS = YES_ERROR;
				CLANG_WARN_QUOTED_INCLUDE_IN_FRAMEWORK_HEADER = YES;
				CLANG_WARN_RANGE_LOOP_ANALYSIS = YES;
				CLANG_WARN_STRICT_PROTOTYPES = YES;
				CLANG_WARN_SUSPICIOUS_MOVE = YES;
				CLANG_WARN_UNGUARDED_AVAILABILITY = YES_AGGRESSIVE;
				CLANG_WARN_UNREACHABLE_CODE = YES;
				CLANG_WARN__DUPLICATE_METHOD_MATCH = YES;
				COPY_PHASE_STRIP = NO;
				DEBUG_INFORMATION_FORMAT = "dwarf-with-dsym";
				ENABLE_NS_ASSERTIONS = NO;
				ENABLE_STRICT_OBJC_MSGSEND = YES;
				GCC_C_LANGUAGE_STANDARD = gnu11;
				GCC_NO_COMMON_BLOCKS = YES;
				GCC_WARN_64_TO_32_BIT_CONVERSION = YES;
				GCC_WARN_ABOUT_RETURN_TYPE = YES_ERROR;
				GCC_WARN_UNDECLARED_SELECTOR = YES;
				GCC_WARN_UNINITIALIZED_AUTOS = YES_AGGRESSIVE;
				GCC_WARN_UNUSED_FUNCTION = YES;
				GCC_WARN_UNUSED_VARIABLE = YES;
				IPHONEOS_DEPLOYMENT_TARGET = 14.1;
				MTL_ENABLE_DEBUG_INFO = NO;
				MTL_FAST_MATH = YES;
				SDKROOT = iphoneos;
				SWIFT_COMPILATION_MODE = wholemodule;
				SWIFT_OPTIMIZATION_LEVEL = "-O";
				VALIDATE_PRODUCT = YES;
			};
			name = Release;
		};
		7555FFA6242A565B00829871 /* Debug */ = {
			isa = XCBuildConfiguration;
			buildSettings = {
				ASSETCATALOG_COMPILER_APPICON_NAME = AppIcon;
				CODE_SIGN_STYLE = Automatic;
				DEBUG_INFORMATION_FORMAT = dwarf;
				DEVELOPMENT_ASSET_PATHS = "\"iosApp/Preview Content\"";
				ENABLE_PREVIEWS = YES;
				FRAMEWORK_SEARCH_PATHS = (
					"$(inherited)",
					"$(SRCROOT)/../shared/build/xcode-frameworks/$(CONFIGURATION)/$(SDK_NAME)",
				);
				INFOPLIST_FILE = iosApp/Resources/Info.plist;
				IPHONEOS_DEPLOYMENT_TARGET = 18.0;
				LD_RUNPATH_SEARCH_PATHS = (
					"$(inherited)",
					"@executable_path/Frameworks",
				);
				OTHER_LDFLAGS = (
					"$(inherited)",
					"-framework",
					shared,
				);
				PRODUCT_BUNDLE_IDENTIFIER = orgIdentifier.iosApp;
				PRODUCT_NAME = "$(TARGET_NAME)";
				SWIFT_VERSION = 5.0;
				TARGETED_DEVICE_FAMILY = "1,2";
			};
			name = Debug;
		};
		7555FFA7242A565B00829871 /* Release */ = {
			isa = XCBuildConfiguration;
			buildSettings = {
				ASSETCATALOG_COMPILER_APPICON_NAME = AppIcon;
				CODE_SIGN_STYLE = Automatic;
				DEVELOPMENT_ASSET_PATHS = "\"iosApp/Preview Content\"";
				ENABLE_PREVIEWS = YES;
				FRAMEWORK_SEARCH_PATHS = (
					"$(inherited)",
					"$(SRCROOT)/../shared/build/xcode-frameworks/$(CONFIGURATION)/$(SDK_NAME)",
				);
				INFOPLIST_FILE = iosApp/Resources/Info.plist;
				IPHONEOS_DEPLOYMENT_TARGET = 18.0;
				LD_RUNPATH_SEARCH_PATHS = (
					"$(inherited)",
					"@executable_path/Frameworks",
				);
				OTHER_LDFLAGS = (
					"$(inherited)",
					"-framework",
					shared,
				);
				PRODUCT_BUNDLE_IDENTIFIER = orgIdentifier.iosApp;
				PRODUCT_NAME = "$(TARGET_NAME)";
				SWIFT_VERSION = 5.0;
				TARGETED_DEVICE_FAMILY = "1,2";
			};
			name = Release;
		};
		AD510B0A2CC2A6F40074E95A /* Debug */ = {
			isa = XCBuildConfiguration;
			buildSettings = {
				ASSETCATALOG_COMPILER_GENERATE_SWIFT_ASSET_SYMBOL_EXTENSIONS = YES;
				BUNDLE_LOADER = "$(TEST_HOST)";
				CLANG_CXX_LANGUAGE_STANDARD = "gnu++20";
				CODE_SIGN_STYLE = Automatic;
				CURRENT_PROJECT_VERSION = 1;
				DEBUG_INFORMATION_FORMAT = dwarf;
				ENABLE_USER_SCRIPT_SANDBOXING = YES;
				GCC_C_LANGUAGE_STANDARD = gnu17;
				GENERATE_INFOPLIST_FILE = YES;
				IPHONEOS_DEPLOYMENT_TARGET = 18.0;
				LOCALIZATION_PREFERS_STRING_CATALOGS = YES;
				MARKETING_VERSION = 1.0;
				PRODUCT_BUNDLE_IDENTIFIER = com.andy.iosAppTests;
				PRODUCT_NAME = "$(TARGET_NAME)";
				SWIFT_ACTIVE_COMPILATION_CONDITIONS = "DEBUG $(inherited)";
				SWIFT_EMIT_LOC_STRINGS = NO;
				SWIFT_VERSION = 5.0;
				TARGETED_DEVICE_FAMILY = "1,2";
				TEST_HOST = "$(BUILT_PRODUCTS_DIR)/iosApp.app/$(BUNDLE_EXECUTABLE_FOLDER_PATH)/iosApp";
			};
			name = Debug;
		};
		AD510B0B2CC2A6F40074E95A /* Release */ = {
			isa = XCBuildConfiguration;
			buildSettings = {
				ASSETCATALOG_COMPILER_GENERATE_SWIFT_ASSET_SYMBOL_EXTENSIONS = YES;
				BUNDLE_LOADER = "$(TEST_HOST)";
				CLANG_CXX_LANGUAGE_STANDARD = "gnu++20";
				CODE_SIGN_STYLE = Automatic;
				CURRENT_PROJECT_VERSION = 1;
				ENABLE_USER_SCRIPT_SANDBOXING = YES;
				GCC_C_LANGUAGE_STANDARD = gnu17;
				GENERATE_INFOPLIST_FILE = YES;
				IPHONEOS_DEPLOYMENT_TARGET = 18.0;
				LOCALIZATION_PREFERS_STRING_CATALOGS = YES;
				MARKETING_VERSION = 1.0;
				PRODUCT_BUNDLE_IDENTIFIER = com.andy.iosAppTests;
				PRODUCT_NAME = "$(TARGET_NAME)";
				SWIFT_EMIT_LOC_STRINGS = NO;
				SWIFT_VERSION = 5.0;
				TARGETED_DEVICE_FAMILY = "1,2";
				TEST_HOST = "$(BUILT_PRODUCTS_DIR)/iosApp.app/$(BUNDLE_EXECUTABLE_FOLDER_PATH)/iosApp";
			};
			name = Release;
		};
/* End XCBuildConfiguration section */

/* Begin XCConfigurationList section */
		7555FF76242A565900829871 /* Build configuration list for PBXProject "iosApp" */ = {
			isa = XCConfigurationList;
			buildConfigurations = (
				7555FFA3242A565B00829871 /* Debug */,
				7555FFA4242A565B00829871 /* Release */,
			);
			defaultConfigurationIsVisible = 0;
			defaultConfigurationName = Release;
		};
		7555FFA5242A565B00829871 /* Build configuration list for PBXNativeTarget "iosApp" */ = {
			isa = XCConfigurationList;
			buildConfigurations = (
				7555FFA6242A565B00829871 /* Debug */,
				7555FFA7242A565B00829871 /* Release */,
			);
			defaultConfigurationIsVisible = 0;
			defaultConfigurationName = Release;
		};
		AD510B092CC2A6F40074E95A /* Build configuration list for PBXNativeTarget "iosAppTests" */ = {
			isa = XCConfigurationList;
			buildConfigurations = (
				AD510B0A2CC2A6F40074E95A /* Debug */,
				AD510B0B2CC2A6F40074E95A /* Release */,
			);
			defaultConfigurationIsVisible = 0;
			defaultConfigurationName = Release;
		};
/* End XCConfigurationList section */
	};
	rootObject = 7555FF73242A565900829871 /* Project object */;
}
